dependencies:
- name: external-secrets
  repository: https://charts.external-secrets.io
  version: 0.15.0
- name: postgresql
  repository: https://charts.bitnami.com/bitnami
  version: 16.7.24
digest: sha256:d9212e5f952b511e0439be2446d7972bc1146f4878f1699555ea298a1adba168
generated: "2025-08-08T11:19:59.872295-04:00"
